
Microsoft Visual Studio Solution File, Format Version 12.00
# Visual Studio Version 17
VisualStudioVersion = 17.9.34622.214
MinimumVisualStudioVersion = 10.0.40219.1
Project("{9A19103F-16F7-4668-BE54-9A1E7A4F7556}") = "Binary_Calculator", "Binary_Calculator.csproj", "{58F100ED-0E27-4068-A803-815C5E1C19E1}"
EndProject
Project("{9A19103F-16F7-4668-BE54-9A1E7A4F7556}") = "Calculator_Test", "..\Calculator_Test\Calculator_Test.csproj", "{A7B8FD7C-33B9-46FB-A21E-7BD98D430264}"
EndProject
Global
	GlobalSection(SolutionConfigurationPlatforms) = preSolution
		Debug|Any CPU = Debug|Any CPU
		Debug|x64 = Debug|x64
		Release|Any CPU = Release|Any CPU
		Release|x64 = Release|x64
		Test|Any CPU = Test|Any CPU
		Test|x64 = Test|x64
	EndGlobalSection
	GlobalSection(ProjectConfigurationPlatforms) = postSolution
		{58F100ED-0E27-4068-A803-815C5E1C19E1}.Debug|Any CPU.ActiveCfg = Debug|Any CPU
		{58F100ED-0E27-4068-A803-815C5E1C19E1}.Debug|Any CPU.Build.0 = Debug|Any CPU
		{58F100ED-0E27-4068-A803-815C5E1C19E1}.Debug|x64.ActiveCfg = Debug|x64
		{58F100ED-0E27-4068-A803-815C5E1C19E1}.Debug|x64.Build.0 = Debug|x64
		{58F100ED-0E27-4068-A803-815C5E1C19E1}.Release|Any CPU.ActiveCfg = Release|Any CPU
		{58F100ED-0E27-4068-A803-815C5E1C19E1}.Release|Any CPU.Build.0 = Release|Any CPU
		{58F100ED-0E27-4068-A803-815C5E1C19E1}.Release|x64.ActiveCfg = Release|x64
		{58F100ED-0E27-4068-A803-815C5E1C19E1}.Release|x64.Build.0 = Release|x64
		{58F100ED-0E27-4068-A803-815C5E1C19E1}.Test|Any CPU.ActiveCfg = Debug|Any CPU
		{58F100ED-0E27-4068-A803-815C5E1C19E1}.Test|Any CPU.Build.0 = Debug|Any CPU
		{58F100ED-0E27-4068-A803-815C5E1C19E1}.Test|x64.ActiveCfg = Test|Any CPU
		{58F100ED-0E27-4068-A803-815C5E1C19E1}.Test|x64.Build.0 = Test|Any CPU
		{A7B8FD7C-33B9-46FB-A21E-7BD98D430264}.Debug|Any CPU.ActiveCfg = Debug|Any CPU
		{A7B8FD7C-33B9-46FB-A21E-7BD98D430264}.Debug|Any CPU.Build.0 = Debug|Any CPU
		{A7B8FD7C-33B9-46FB-A21E-7BD98D430264}.Debug|x64.ActiveCfg = Debug|Any CPU
		{A7B8FD7C-33B9-46FB-A21E-7BD98D430264}.Debug|x64.Build.0 = Debug|Any CPU
		{A7B8FD7C-33B9-46FB-A21E-7BD98D430264}.Release|Any CPU.ActiveCfg = Release|Any CPU
		{A7B8FD7C-33B9-46FB-A21E-7BD98D430264}.Release|Any CPU.Build.0 = Release|Any CPU
		{A7B8FD7C-33B9-46FB-A21E-7BD98D430264}.Release|x64.ActiveCfg = Release|Any CPU
		{A7B8FD7C-33B9-46FB-A21E-7BD98D430264}.Release|x64.Build.0 = Release|Any CPU
		{A7B8FD7C-33B9-46FB-A21E-7BD98D430264}.Test|Any CPU.ActiveCfg = Debug|Any CPU
		{A7B8FD7C-33B9-46FB-A21E-7BD98D430264}.Test|Any CPU.Build.0 = Debug|Any CPU
		{A7B8FD7C-33B9-46FB-A21E-7BD98D430264}.Test|x64.ActiveCfg = Test|Any CPU
		{A7B8FD7C-33B9-46FB-A21E-7BD98D430264}.Test|x64.Build.0 = Test|Any CPU
	EndGlobalSection
	GlobalSection(SolutionProperties) = preSolution
		HideSolutionNode = FALSE
	EndGlobalSection
	GlobalSection(ExtensibilityGlobals) = postSolution
		SolutionGuid = {B025E90C-B440-40C4-BAE1-873C3688E126}
	EndGlobalSection
EndGlobal
